
Microsoft Visual Studio Solution File, Format Version 12.00
# Visual Studio Version 17
VisualStudioVersion = 17.14.36603.0
MinimumVisualStudioVersion = 10.0.40219.1
Project("{FAE04EC0-301F-11D3-BF4B-00C04F79EFBC}") = "BlockedCountriesAPI", "BlockedCountriesAPI\BlockedCountriesAPI.csproj", "{C1EC832A-DFFE-4DDA-B715-700B6D874B75}"
EndProject
Project("{FAE04EC0-301F-11D3-BF4B-00C04F79EFBC}") = "Domain", "Domain\Domain.csproj", "{484FF061-D683-4127-B606-D8BB715CA103}"
EndProject
Project("{FAE04EC0-301F-11D3-BF4B-00C04F79EFBC}") = "Application", "Application\Application.csproj", "{ADF8215E-EEB9-4937-851D-8756E2D3730A}"
EndProject
Global
	GlobalSection(SolutionConfigurationPlatforms) = preSolution
		Debug|Any CPU = Debug|Any CPU
		Release|Any CPU = Release|Any CPU
	EndGlobalSection
	GlobalSection(ProjectConfigurationPlatforms) = postSolution
		{C1EC832A-DFFE-4DDA-B715-700B6D874B75}.Debug|Any CPU.ActiveCfg = Debug|Any CPU
		{C1EC832A-DFFE-4DDA-B715-700B6D874B75}.Debug|Any CPU.Build.0 = Debug|Any CPU
		{C1EC832A-DFFE-4DDA-B715-700B6D874B75}.Release|Any CPU.ActiveCfg = Release|Any CPU
		{C1EC832A-DFFE-4DDA-B715-700B6D874B75}.Release|Any CPU.Build.0 = Release|Any CPU
		{484FF061-D683-4127-B606-D8BB715CA103}.Debug|Any CPU.ActiveCfg = Debug|Any CPU
		{484FF061-D683-4127-B606-D8BB715CA103}.Debug|Any CPU.Build.0 = Debug|Any CPU
		{484FF061-D683-4127-B606-D8BB715CA103}.Release|Any CPU.ActiveCfg = Release|Any CPU
		{484FF061-D683-4127-B606-D8BB715CA103}.Release|Any CPU.Build.0 = Release|Any CPU
		{ADF8215E-EEB9-4937-851D-8756E2D3730A}.Debug|Any CPU.ActiveCfg = Debug|Any CPU
		{ADF8215E-EEB9-4937-851D-8756E2D3730A}.Debug|Any CPU.Build.0 = Debug|Any CPU
		{ADF8215E-EEB9-4937-851D-8756E2D3730A}.Release|Any CPU.ActiveCfg = Release|Any CPU
		{ADF8215E-EEB9-4937-851D-8756E2D3730A}.Release|Any CPU.Build.0 = Release|Any CPU
	EndGlobalSection
	GlobalSection(SolutionProperties) = preSolution
		HideSolutionNode = FALSE
	EndGlobalSection
	GlobalSection(ExtensibilityGlobals) = postSolution
		SolutionGuid = {83E8EF68-86EC-4586-96F8-5A7FDE1E9377}
	EndGlobalSection
EndGlobal
